
Microsoft Visual Studio Solution File, Format Version 12.00
# Visual Studio Version 17
VisualStudioVersion = 17.8.34511.84
MinimumVisualStudioVersion = 10.0.40219.1
Project("{54A90642-561A-4BB1-A94E-469ADEE60C69}") = "ExpressProject5", "ExpressProject5\ExpressProject5.esproj", "{53C7EF80-EBA5-433A-9231-A437C49F4E65}"
EndProject
Global
	GlobalSection(SolutionConfigurationPlatforms) = preSolution
		Debug|Any CPU = Debug|Any CPU
		Release|Any CPU = Release|Any CPU
	EndGlobalSection
	GlobalSection(ProjectConfigurationPlatforms) = postSolution
		{53C7EF80-EBA5-433A-9231-A437C49F4E65}.Debug|Any CPU.ActiveCfg = Debug|Any CPU
		{53C7EF80-EBA5-433A-9231-A437C49F4E65}.Debug|Any CPU.Build.0 = Debug|Any CPU
		{53C7EF80-EBA5-433A-9231-A437C49F4E65}.Debug|Any CPU.Deploy.0 = Debug|Any CPU
		{53C7EF80-EBA5-433A-9231-A437C49F4E65}.Release|Any CPU.ActiveCfg = Release|Any CPU
		{53C7EF80-EBA5-433A-9231-A437C49F4E65}.Release|Any CPU.Build.0 = Release|Any CPU
		{53C7EF80-EBA5-433A-9231-A437C49F4E65}.Release|Any CPU.Deploy.0 = Release|Any CPU
	EndGlobalSection
	GlobalSection(SolutionProperties) = preSolution
		HideSolutionNode = FALSE
	EndGlobalSection
	GlobalSection(ExtensibilityGlobals) = postSolution
		SolutionGuid = {027CCC32-B8BB-437D-A59B-73540DE9AAAF}
	EndGlobalSection
EndGlobal
